// !$*UTF8*$!
{
	archiveVersion = 1;
	classes = {
	};
	objectVersion = 48;
	objects = {

/* Begin PBXBuildFile section */
		18006F4C202D7A9C008D3CE5 /* AppDelegate.m in Sources */ = {isa = PBXBuildFile; fileRef = 18006F4B202D7A9C008D3CE5 /* AppDelegate.m */; };
		18006F4F202D7A9C008D3CE5 /* ViewController.m in Sources */ = {isa = PBXBuildFile; fileRef = 18006F4E202D7A9C008D3CE5 /* ViewController.m */; };
		18006F52202D7A9C008D3CE5 /* Main.storyboard in Resources */ = {isa = PBXBuildFile; fileRef = 18006F50202D7A9C008D3CE5 /* Main.storyboard */; };
		18006F54202D7A9C008D3CE5 /* Assets.xcassets in Resources */ = {isa = PBXBuildFile; fileRef = 18006F53202D7A9C008D3CE5 /* Assets.xcassets */; };
		18006F57202D7A9C008D3CE5 /* LaunchScreen.storyboard in Resources */ = {isa = PBXBuildFile; fileRef = 18006F55202D7A9C008D3CE5 /* LaunchScreen.storyboard */; };
		18006F5A202D7A9C008D3CE5 /* main.m in Sources */ = {isa = PBXBuildFile; fileRef = 18006F59202D7A9C008D3CE5 /* main.m */; };
/* End PBXBuildFile section */

/* Begin PBXFileReference section */
		18006F47202D7A9C008D3CE5 /* GameApiTest.app */ = {isa = PBXFileReference; explicitFileType = wrapper.application; includeInIndex = 0; path = GameApiTest.app; sourceTree = BUILT_PRODUCTS_DIR; };
		18006F4A202D7A9C008D3CE5 /* AppDelegate.h */ = {isa = PBXFileReference; lastKnownFileType = sourcecode.c.h; path = AppDelegate.h; sourceTree = "<group>"; };
		18006F4B202D7A9C008D3CE5 /* AppDelegate.m */ = {isa = PBXFileReference; lastKnownFileType = sourcecode.c.objc; path = AppDelegate.m; sourceTree = "<group>"; };
		18006F4D202D7A9C008D3CE5 /* ViewController.h */ = {isa = PBXFileReference; lastKnownFileType = sourcecode.c.h; path = ViewController.h; sourceTree = "<group>"; };
		18006F4E202D7A9C008D3CE5 /* ViewController.m */ = {isa = PBXFileReference; lastKnownFileType = sourcecode.c.objc; path = ViewController.m; sourceTree = "<group>"; };
		18006F51202D7A9C008D3CE5 /* Base */ = {isa = PBXFileReference; lastKnownFileType = file.storyboard; name = Base; path = Base.lproj/Main.storyboard; sourceTree = "<group>"; };
		18006F53202D7A9C008D3CE5 /* Assets.xcassets */ = {isa = PBXFileReference; lastKnownFileType = folder.assetcatalog; path = Assets.xcassets; sourceTree = "<group>"; };
		18006F56202D7A9C008D3CE5 /* Base */ = {isa = PBXFileReference; lastKnownFileType = file.storyboard; name = Base; path = Base.lproj/LaunchScreen.storyboard; sourceTree = "<group>"; };
		18006F58202D7A9C008D3CE5 /* Info.plist */ = {isa = PBXFileReference; lastKnownFileType = text.plist.xml; path = Info.plist; sourceTree = "<group>"; };
		18006F59202D7A9C008D3CE5 /* main.m */ = {isa = PBXFileReference; lastKnownFileType = sourcecode.c.objc; path = main.m; sourceTree = "<group>"; };
/* End PBXFileReference section */

/* Begin PBXFrameworksBuildPhase section */
		18006F44202D7A9C008D3CE5 /* Frameworks */ = {
			isa = PBXFrameworksBuildPhase;
			buildActionMask = 2147483647;
			files = (
			);
			runOnlyForDeploymentPostprocessing = 0;
		};
/* End PBXFrameworksBuildPhase section */

/* Begin PBXGroup section */
		18006F3E202D7A9C008D3CE5 = {
			isa = PBXGroup;
			children = (
				18006F49202D7A9C008D3CE5 /* GameApiTest */,
				18006F48202D7A9C008D3CE5 /* Products */,
			);
			sourceTree = "<group>";
		};
		18006F48202D7A9C008D3CE5 /* Products */ = {
			isa = PBXGroup;
			children = (
				18006F47202D7A9C008D3CE5 /* GameApiTest.app */,
			);
			name = Products;
			sourceTree = "<group>";
		};
		18006F49202D7A9C008D3CE5 /* GameApiTest */ = {
			isa = PBXGroup;
			children = (
				18006F4A202D7A9C008D3CE5 /* AppDelegate.h */,
				18006F4B202D7A9C008D3CE5 /* AppDelegate.m */,
				18006F4D202D7A9C008D3CE5 /* ViewController.h */,
				18006F4E202D7A9C008D3CE5 /* ViewController.m */,
				18006F50202D7A9C008D3CE5 /* Main.storyboard */,
				18006F53202D7A9C008D3CE5 /* Assets.xcassets */,
				18006F55202D7A9C008D3CE5 /* LaunchScreen.storyboard */,
				18006F58202D7A9C008D3CE5 /* Info.plist */,
				18006F59202D7A9C008D3CE5 /* main.m */,
			);
			path = GameApiTest;
			sourceTree = "<group>";
		};
/* End PBXGroup section */

/* Begin PBXNativeTarget section */
		18006F46202D7A9C008D3CE5 /* GameApiTest */ = {
			isa = PBXNativeTarget;
			buildConfigurationList = 18006F5D202D7A9C008D3CE5 /* Build configuration list for PBXNativeTarget "GameApiTest" */;
			buildPhases = (
				18006F43202D7A9C008D3CE5 /* Sources */,
				18006F44202D7A9C008D3CE5 /* Frameworks */,
				18006F45202D7A9C008D3CE5 /* Resources */,
			);
			buildRules = (
			);
			dependencies = (
			);
			name = GameApiTest;
			productName = GameApiTest;
			productReference = 18006F47202D7A9C008D3CE5 /* GameApiTest.app */;
			productType = "com.apple.product-type.application";
		};
/* End PBXNativeTarget section */

/* Begin PBXProject section */
		18006F3F202D7A9C008D3CE5 /* Project object */ = {
			isa = PBXProject;
			attributes = {
				LastUpgradeCheck = 0920;
				ORGANIZATIONNAME = apple;
				TargetAttributes = {
					18006F46202D7A9C008D3CE5 = {
						CreatedOnToolsVersion = 9.2;
						ProvisioningStyle = Automatic;
					};
				};
			};
			buildConfigurationList = 18006F42202D7A9C008D3CE5 /* Build configuration list for PBXProject "GameApiTest" */;
			compatibilityVersion = "Xcode 8.0";
			developmentRegion = en;
			hasScannedForEncodings = 0;
			knownRegions = (
				en,
				Base,
			);
			mainGroup = 18006F3E202D7A9C008D3CE5;
			productRefGroup = 18006F48202D7A9C008D3CE5 /* Products */;
			projectDirPath = "";
			projectRoot = "";
			targets = (
				18006F46202D7A9C008D3CE5 /* GameApiTest */,
			);
		};
/* End PBXProject section */

/* Begin PBXResourcesBuildPhase section */
		18006F45202D7A9C008D3CE5 /* Resources */ = {
			isa = PBXResourcesBuildPhase;
			buildActionMask = 2147483647;
			files = (
				18006F57202D7A9C008D3CE5 /* LaunchScreen.storyboard in Resources */,
				18006F54202D7A9C008D3CE5 /* Assets.xcassets in Resources */,
				18006F52202D7A9C008D3CE5 /* Main.storyboard in Resources */,
			);
			runOnlyForDeploymentPostprocessing = 0;
		};
/* End PBXResourcesBuildPhase section */

/* Begin PBXSourcesBuildPhase section */
		18006F43202D7A9C008D3CE5 /* Sources */ = {
			isa = PBXSourcesBuildPhase;
			buildActionMask = 2147483647;
			files = (
				18006F4F202D7A9C008D3CE5 /* ViewController.m in Sources */,
				18006F5A202D7A9C008D3CE5 /* main.m in Sources */,
				18006F4C202D7A9C008D3CE5 /* AppDelegate.m in Sources */,
			);
			runOnlyForDeploymentPostprocessing = 0;
		};
/* End PBXSourcesBuildPhase section */

/* Begin PBXVariantGroup section */
		18006F50202D7A9C008D3CE5 /* Main.storyboard */ = {
			isa = PBXVariantGroup;
			children = (
				18006F51202D7A9C008D3CE5 /* Base */,
			);
			name = Main.storyboard;
			sourceTree = "<group>";
		};
		18006F55202D7A9C008D3CE5 /* LaunchScreen.storyboard */ = {
			isa = PBXVariantGroup;
			children = (
				18006F56202D7A9C008D3CE5 /* Base */,
			);
			name = LaunchScreen.storyboard;
			sourceTree = "<group>";
		};
/* End PBXVariantGroup section */

/* Begin XCBuildConfiguration section */
		18006F5B202D7A9C008D3CE5 /* Debug */ = {
			isa = XCBuildConfiguration;
			buildSettings = {
				ALWAYS_SEARCH_USER_PATHS = NO;
				CLANG_ANALYZER_NONNULL = YES;
				CLANG_ANALYZER_NUMBER_OBJECT_CONVERSION = YES_AGGRESSIVE;
				CLANG_CXX_LANGUAGE_STANDARD = "gnu++14";
				CLANG_CXX_LIBRARY = "libc++";
				CLANG_ENABLE_MODULES = YES;
				CLANG_ENABLE_OBJC_ARC = YES;
				CLANG_WARN_BLOCK_CAPTURE_AUTORELEASING = YES;
				CLANG_WARN_BOOL_CONVERSION = YES;
				CLANG_WARN_COMMA = YES;
				CLANG_WARN_CONSTANT_CONVERSION = YES;
				CLANG_WARN_DIRECT_OBJC_ISA_USAGE = YES_ERROR;
				CLANG_WARN_DOCUMENTATION_COMMENTS = YES;
				CLANG_WARN_EMPTY_BODY = YES;
				CLANG_WARN_ENUM_CONVERSION = YES;
				CLANG_WARN_INFINITE_RECURSION = YES;
				CLANG_WARN_INT_CONVERSION = YES;
				CLANG_WARN_NON_LITERAL_NULL_CONVERSION = YES;
				CLANG_WARN_OBJC_LITERAL_CONVERSION = YES;
				CLANG_WARN_OBJC_ROOT_CLASS = YES_ERROR;
				CLANG_WARN_RANGE_LOOP_ANALYSIS = YES;
				CLANG_WARN_STRICT_PROTOTYPES = YES;
				CLANG_WARN_SUSPICIOUS_MOVE = YES;
				CLANG_WARN_UNGUARDED_AVAILABILITY = YES_AGGRESSIVE;
				CLANG_WARN_UNREACHABLE_CODE = YES;
				CLANG_WARN__DUPLICATE_METHOD_MATCH = YES;
				CODE_SIGN_IDENTITY = "iPhone Developer";
				COPY_PHASE_STRIP = NO;
				DEBUG_INFORMATION_FORMAT = dwarf;
				ENABLE_STRICT_OBJC_MSGSEND = YES;
				ENABLE_TESTABILITY = YES;
				GCC_C_LANGUAGE_STANDARD = gnu11;
				GCC_DYNAMIC_NO_PIC = NO;
				GCC_NO_COMMON_BLOCKS = YES;
				GCC_OPTIMIZATION_LEVEL = 0;
				GCC_PREPROCESSOR_DEFINITIONS = (
					"DEBUG=1",
					"$(inherited)",
				);
				GCC_WARN_64_TO_32_BIT_CONVERSION = YES;
				GCC_WARN_ABOUT_RETURN_TYPE = YES_ERROR;
				GCC_WARN_UNDECLARED_SELECTOR = YES;
				GCC_WARN_UNINITIALIZED_AUTOS = YES_AGGRESSIVE;
				GCC_WARN_UNUSED_FUNCTION = YES;
				GCC_WARN_UNUSED_VARIABLE = YES;
				IPHONEOS_DEPLOYMENT_TARGET = 11.2;
				MTL_ENABLE_DEBUG_INFO = YES;
				ONLY_ACTIVE_ARCH = YES;
				SDKROOT = iphoneos;
			};
			name = Debug;
		};
		18006F5C202D7A9C008D3CE5 /* Release */ = {
			isa = XCBuildConfiguration;
			buildSettings = {
				ALWAYS_SEARCH_USER_PATHS = NO;
				CLANG_ANALYZER_NONNULL = YES;
				CLANG_ANALYZER_NUMBER_OBJECT_CONVERSION = YES_AGGRESSIVE;
				CLANG_CXX_LANGUAGE_STANDARD = "gnu++14";
				CLANG_CXX_LIBRARY = "libc++";
				CLANG_ENABLE_MODULES = YES;
				CLANG_ENABLE_OBJC_ARC = YES;
				CLANG_WARN_BLOCK_CAPTURE_AUTORELEASING = YES;
				CLANG_WARN_BOOL_CONVERSION = YES;
				CLANG_WARN_COMMA = YES;
				CLANG_WARN_CONSTANT_CONVERSION = YES;
				CLANG_WARN_DIRECT_OBJC_ISA_USAGE = YES_ERROR;
				CLANG_WARN_DOCUMENTATION_COMMENTS = YES;
				CLANG_WARN_EMPTY_BODY = YES;
				CLANG_WARN_ENUM_CONVERSION = YES;
				CLANG_WARN_INFINITE_RECURSION = YES;
				CLANG_WARN_INT_CONVERSION = YES;
				CLANG_WARN_NON_LITERAL_NULL_CONVERSION = YES;
				CLANG_WARN_OBJC_LITERAL_CONVERSION = YES;
				CLANG_WARN_OBJC_ROOT_CLASS = YES_ERROR;
				CLANG_WARN_RANGE_LOOP_ANALYSIS = YES;
				CLANG_WARN_STRICT_PROTOTYPES = YES;
				CLANG_WARN_SUSPICIOUS_MOVE = YES;
				CLANG_WARN_UNGUARDED_AVAILABILITY = YES_AGGRESSIVE;
				CLANG_WARN_UNREACHABLE_CODE = YES;
				CLANG_WARN__DUPLICATE_METHOD_MATCH = YES;
				CODE_SIGN_IDENTITY = "iPhone Developer";
				COPY_PHASE_STRIP = NO;
				DEBUG_INFORMATION_FORMAT = "dwarf-with-dsym";
				ENABLE_NS_ASSERTIONS = NO;
				ENABLE_STRICT_OBJC_MSGSEND = YES;
				GCC_C_LANGUAGE_STANDARD = gnu11;
				GCC_NO_COMMON_BLOCKS = YES;
				GCC_WARN_64_TO_32_BIT_CONVERSION = YES;
				GCC_WARN_ABOUT_RETURN_TYPE = YES_ERROR;
				GCC_WARN_UNDECLARED_SELECTOR = YES;
				GCC_WARN_UNINITIALIZED_AUTOS = YES_AGGRESSIVE;
				GCC_WARN_UNUSED_FUNCTION = YES;
				GCC_WARN_UNUSED_VARIABLE = YES;
				IPHONEOS_DEPLOYMENT_TARGET = 11.2;
				MTL_ENABLE_DEBUG_INFO = NO;
				SDKROOT = iphoneos;
				VALIDATE_PRODUCT = YES;
			};
			name = Release;
		};
		18006F5E202D7A9C008D3CE5 /* Debug */ = {
			isa = XCBuildConfiguration;
			buildSettings = {
				ASSETCATALOG_COMPILER_APPICON_NAME = AppIcon;
				CODE_SIGN_STYLE = Automatic;
				DEVELOPMENT_TEAM = S4JKVJ79XS;
				INFOPLIST_FILE = GameApiTest/Info.plist;
				LD_RUNPATH_SEARCH_PATHS = "$(inherited) @executable_path/Frameworks";
				PRODUCT_BUNDLE_IDENTIFIER = fantacy.GameApiTest;
				PRODUCT_NAME = "$(TARGET_NAME)";
				TARGETED_DEVICE_FAMILY = "1,2";
			};
			name = Debug;
		};
		18006F5F202D7A9C008D3CE5 /* Release */ = {
			isa = XCBuildConfiguration;
			buildSettings = {
				ASSETCATALOG_COMPILER_APPICON_NAME = AppIcon;
				CODE_SIGN_STYLE = Automatic;
				DEVELOPMENT_TEAM = S4JKVJ79XS;
				INFOPLIST_FILE = GameApiTest/Info.plist;
				LD_RUNPATH_SEARCH_PATHS = "$(inherited) @executable_path/Frameworks";
				PRODUCT_BUNDLE_IDENTIFIER = fantacy.GameApiTest;
				PRODUCT_NAME = "$(TARGET_NAME)";
				TARGETED_DEVICE_FAMILY = "1,2";
			};
			name = Release;
		};
/* End XCBuildConfiguration section */

/* Begin XCConfigurationList section */
		18006F42202D7A9C008D3CE5 /* Build configuration list for PBXProject "GameApiTest" */ = {
			isa = XCConfigurationList;
			buildConfigurations = (
				18006F5B202D7A9C008D3CE5 /* Debug */,
				18006F5C202D7A9C008D3CE5 /* Release */,
			);
			defaultConfigurationIsVisible = 0;
			defaultConfigurationName = Release;
		};
		18006F5D202D7A9C008D3CE5 /* Build configuration list for PBXNativeTarget "GameApiTest" */ = {
			isa = XCConfigurationList;
			buildConfigurations = (
				18006F5E202D7A9C008D3CE5 /* Debug */,
				18006F5F202D7A9C008D3CE5 /* Release */,
			);
			defaultConfigurationIsVisible = 0;
			defaultConfigurationName = Release;
		};
/* End XCConfigurationList section */
	};
	rootObject = 18006F3F202D7A9C008D3CE5 /* Project object */;
}
